{
  "name": "aoc",
  "version": "1.0.0",
  "lockfileVersion": 2,
  "requires": true,
  "packages": {
    "": {
      "name": "aoc",
      "version": "1.0.0",
      "license": "ISC",
      "dependencies": {
        "fsp": "^0.1.2",
        "os": "^0.1.2"
      }
    },
    "node_modules/fs-exists": {
      "version": "0.1.1",
      "resolved": "https://registry.npmjs.org/fs-exists/-/fs-exists-0.1.1.tgz",
      "integrity": "sha512-3t/3hbOzkQKpYi0Ib4L+m3W/Bkl8zchJmk8cYtR/6i8J4cvqKLVn/En4qBiAl5uXnX3WMDB/k3fbdWXTa+xF6w==",
      "engines": {
        "node": "0.10.x",
        "npm": "1.2.x"
      }
    },
    "node_modules/fsp": {
      "version": "0.1.2",
      "resolved": "https://registry.npmjs.org/fsp/-/fsp-0.1.2.tgz",
      "integrity": "sha512-rTBy+06ugFTn/R7U8YUKyX6+fa+5h5kUbioNIfs8iOhfg+/u1nuI7UNNfeXRlJ6Ngcm0ZIMHTe6g/Q51h24qcA==",
      "dependencies": {
        "fs-exists": "*",
        "when": ">=3.6.2"
      },
      "engines": {
        "node": "0.10.x"
      }
    },
    "node_modules/os": {
      "version": "0.1.2",
      "resolved": "https://registry.npmjs.org/os/-/os-0.1.2.tgz",
      "integrity": "sha512-ZoXJkvAnljwvc56MbvhtKVWmSkzV712k42Is2mA0+0KTSRakq5XXuXpjZjgAt9ctzl51ojhQWakQQpmOvXWfjQ=="
    },
    "node_modules/when": {
      "version": "3.7.8",
      "resolved": "https://registry.npmjs.org/when/-/when-3.7.8.tgz",
      "integrity": "sha512-5cZ7mecD3eYcMiCH4wtRPA5iFJZ50BJYDfckI5RRpQiktMiYTcn0ccLTZOvcbBume+1304fQztxeNzNS9Gvrnw=="
    }
  },
  "dependencies": {
    "fs-exists": {
      "version": "0.1.1",
      "resolved": "https://registry.npmjs.org/fs-exists/-/fs-exists-0.1.1.tgz",
      "integrity": "sha512-3t/3hbOzkQKpYi0Ib4L+m3W/Bkl8zchJmk8cYtR/6i8J4cvqKLVn/En4qBiAl5uXnX3WMDB/k3fbdWXTa+xF6w=="
    },
    "fsp": {
      "version": "0.1.2",
      "resolved": "https://registry.npmjs.org/fsp/-/fsp-0.1.2.tgz",
      "integrity": "sha512-rTBy+06ugFTn/R7U8YUKyX6+fa+5h5kUbioNIfs8iOhfg+/u1nuI7UNNfeXRlJ6Ngcm0ZIMHTe6g/Q51h24qcA==",
      "requires": {
        "fs-exists": "*",
        "when": ">=3.6.2"
      }
    },
    "os": {
      "version": "0.1.2",
      "resolved": "https://registry.npmjs.org/os/-/os-0.1.2.tgz",
      "integrity": "sha512-ZoXJkvAnljwvc56MbvhtKVWmSkzV712k42Is2mA0+0KTSRakq5XXuXpjZjgAt9ctzl51ojhQWakQQpmOvXWfjQ=="
    },
    "when": {
      "version": "3.7.8",
      "resolved": "https://registry.npmjs.org/when/-/when-3.7.8.tgz",
      "integrity": "sha512-5cZ7mecD3eYcMiCH4wtRPA5iFJZ50BJYDfckI5RRpQiktMiYTcn0ccLTZOvcbBume+1304fQztxeNzNS9Gvrnw=="
    }
  }
}
